// !$*UTF8*$!
{
	archiveVersion = 1;
	classes = {
	};
	objectVersion = 56;
	objects = {

/* Begin PBXBuildFile section */
		6563B4782904606500D56B86 /* AnimationView.swift in Sources */ = {isa = PBXBuildFile; fileRef = 6563B4772904606500D56B86 /* AnimationView.swift */; };
		6563B47E290479F900D56B86 /* R7 APPIcon.png in Resources */ = {isa = PBXBuildFile; fileRef = 6563B479290479F900D56B86 /* R7 APPIcon.png */; };
		6563B47F290479F900D56B86 /* Ninja ZX-6R APPIcon.png in Resources */ = {isa = PBXBuildFile; fileRef = 6563B47A290479F900D56B86 /* Ninja ZX-6R APPIcon.png */; };
		6563B480290479F900D56B86 /* Panigale V2 Bayliss APPIcon.png in Resources */ = {isa = PBXBuildFile; fileRef = 6563B47B290479F900D56B86 /* Panigale V2 Bayliss APPIcon.png */; };
		6563B48529047C8B00D56B86 /* APPIconView.swift in Sources */ = {isa = PBXBuildFile; fileRef = 6563B48429047C8B00D56B86 /* APPIconView.swift */; };
		656520DF28FD42B6003F86C0 /* Detail.swift in Sources */ = {isa = PBXBuildFile; fileRef = 656520DE28FD42B6003F86C0 /* Detail.swift */; };
		656FD17028F9EB1C00AB79E5 /* DucatiView.swift in Sources */ = {isa = PBXBuildFile; fileRef = 656FD16F28F9EB1C00AB79E5 /* DucatiView.swift */; };
		656FD17228F9EDB700AB79E5 /* BmwView.swift in Sources */ = {isa = PBXBuildFile; fileRef = 656FD17128F9EDB700AB79E5 /* BmwView.swift */; };
		656FD49729005D280091816E /* VideoView.swift in Sources */ = {isa = PBXBuildFile; fileRef = 656FD49629005D280091816E /* VideoView.swift */; };
		65D76CFF28F873DA005D676D /* HondaView.swift in Sources */ = {isa = PBXBuildFile; fileRef = 65D76CFE28F873DA005D676D /* HondaView.swift */; };
		65F51E0228F855FB006E65E3 /* HW2App.swift in Sources */ = {isa = PBXBuildFile; fileRef = 65F51E0128F855FB006E65E3 /* HW2App.swift */; };
		65F51E0428F855FB006E65E3 /* ContentView.swift in Sources */ = {isa = PBXBuildFile; fileRef = 65F51E0328F855FB006E65E3 /* ContentView.swift */; };
		65F51E0628F855FB006E65E3 /* Assets.xcassets in Resources */ = {isa = PBXBuildFile; fileRef = 65F51E0528F855FB006E65E3 /* Assets.xcassets */; };
		65F51E0928F855FB006E65E3 /* Preview Assets.xcassets in Resources */ = {isa = PBXBuildFile; fileRef = 65F51E0828F855FB006E65E3 /* Preview Assets.xcassets */; };
		65F51E1328F855FC006E65E3 /* HW2Tests.swift in Sources */ = {isa = PBXBuildFile; fileRef = 65F51E1228F855FC006E65E3 /* HW2Tests.swift */; };
		65F51E1D28F855FC006E65E3 /* HW2UITests.swift in Sources */ = {isa = PBXBuildFile; fileRef = 65F51E1C28F855FC006E65E3 /* HW2UITests.swift */; };
		65F51E1F28F855FC006E65E3 /* HW2UITestsLaunchTests.swift in Sources */ = {isa = PBXBuildFile; fileRef = 65F51E1E28F855FC006E65E3 /* HW2UITestsLaunchTests.swift */; };
		65F51E2C28F85EDB006E65E3 /* define.swift in Sources */ = {isa = PBXBuildFile; fileRef = 65F51E2B28F85EDB006E65E3 /* define.swift */; };
		65F51E2E28F8639C006E65E3 /* KawasakiView.swift in Sources */ = {isa = PBXBuildFile; fileRef = 65F51E2D28F8639C006E65E3 /* KawasakiView.swift */; };
		65F51E3028F868A5006E65E3 /* YamahaView.swift in Sources */ = {isa = PBXBuildFile; fileRef = 65F51E2F28F868A5006E65E3 /* YamahaView.swift */; };
		65F51E3228F870E5006E65E3 /* SuzukiView.swift in Sources */ = {isa = PBXBuildFile; fileRef = 65F51E3128F870E5006E65E3 /* SuzukiView.swift */; };
/* End PBXBuildFile section */

/* Begin PBXContainerItemProxy section */
		65F51E0F28F855FC006E65E3 /* PBXContainerItemProxy */ = {
			isa = PBXContainerItemProxy;
			containerPortal = 65F51DF628F855FB006E65E3 /* Project object */;
			proxyType = 1;
			remoteGlobalIDString = 65F51DFD28F855FB006E65E3;
			remoteInfo = HW2;
		};
		65F51E1928F855FC006E65E3 /* PBXContainerItemProxy */ = {
			isa = PBXContainerItemProxy;
			containerPortal = 65F51DF628F855FB006E65E3 /* Project object */;
			proxyType = 1;
			remoteGlobalIDString = 65F51DFD28F855FB006E65E3;
			remoteInfo = HW2;
		};
/* End PBXContainerItemProxy section */

/* Begin PBXFileReference section */
		6563B4772904606500D56B86 /* AnimationView.swift */ = {isa = PBXFileReference; lastKnownFileType = sourcecode.swift; path = AnimationView.swift; sourceTree = "<group>"; };
		6563B479290479F900D56B86 /* R7 APPIcon.png */ = {isa = PBXFileReference; lastKnownFileType = image.png; name = "R7 APPIcon.png"; path = "../../../Downloads/R7 APPIcon.png"; sourceTree = "<group>"; };
		6563B47A290479F900D56B86 /* Ninja ZX-6R APPIcon.png */ = {isa = PBXFileReference; lastKnownFileType = image.png; name = "Ninja ZX-6R APPIcon.png"; path = "../../../Downloads/Ninja ZX-6R APPIcon.png"; sourceTree = "<group>"; };
		6563B47B290479F900D56B86 /* Panigale V2 Bayliss APPIcon.png */ = {isa = PBXFileReference; lastKnownFileType = image.png; name = "Panigale V2 Bayliss APPIcon.png"; path = "../../../Downloads/Panigale V2 Bayliss APPIcon.png"; sourceTree = "<group>"; };
		6563B48329047A8300D56B86 /* Info.plist */ = {isa = PBXFileReference; lastKnownFileType = text.plist; path = Info.plist; sourceTree = "<group>"; };
		6563B48429047C8B00D56B86 /* APPIconView.swift */ = {isa = PBXFileReference; lastKnownFileType = sourcecode.swift; path = APPIconView.swift; sourceTree = "<group>"; };
		656520DE28FD42B6003F86C0 /* Detail.swift */ = {isa = PBXFileReference; lastKnownFileType = sourcecode.swift; path = Detail.swift; sourceTree = "<group>"; };
		656FD16F28F9EB1C00AB79E5 /* DucatiView.swift */ = {isa = PBXFileReference; lastKnownFileType = sourcecode.swift; path = DucatiView.swift; sourceTree = "<group>"; };
		656FD17128F9EDB700AB79E5 /* BmwView.swift */ = {isa = PBXFileReference; lastKnownFileType = sourcecode.swift; path = BmwView.swift; sourceTree = "<group>"; };
		656FD49629005D280091816E /* VideoView.swift */ = {isa = PBXFileReference; lastKnownFileType = sourcecode.swift; path = VideoView.swift; sourceTree = "<group>"; };
		65D76CFE28F873DA005D676D /* HondaView.swift */ = {isa = PBXFileReference; lastKnownFileType = sourcecode.swift; path = HondaView.swift; sourceTree = "<group>"; };
		65F51DFE28F855FB006E65E3 /* HW2.app */ = {isa = PBXFileReference; explicitFileType = wrapper.application; includeInIndex = 0; path = HW2.app; sourceTree = BUILT_PRODUCTS_DIR; };
		65F51E0128F855FB006E65E3 /* HW2App.swift */ = {isa = PBXFileReference; lastKnownFileType = sourcecode.swift; path = HW2App.swift; sourceTree = "<group>"; };
		65F51E0328F855FB006E65E3 /* ContentView.swift */ = {isa = PBXFileReference; lastKnownFileType = sourcecode.swift; path = ContentView.swift; sourceTree = "<group>"; };
		65F51E0528F855FB006E65E3 /* Assets.xcassets */ = {isa = PBXFileReference; lastKnownFileType = folder.assetcatalog; path = Assets.xcassets; sourceTree = "<group>"; };
		65F51E0828F855FB006E65E3 /* Preview Assets.xcassets */ = {isa = PBXFileReference; lastKnownFileType = folder.assetcatalog; path = "Preview Assets.xcassets"; sourceTree = "<group>"; };
		65F51E0E28F855FC006E65E3 /* HW2Tests.xctest */ = {isa = PBXFileReference; explicitFileType = wrapper.cfbundle; includeInIndex = 0; path = HW2Tests.xctest; sourceTree = BUILT_PRODUCTS_DIR; };
		65F51E1228F855FC006E65E3 /* HW2Tests.swift */ = {isa = PBXFileReference; lastKnownFileType = sourcecode.swift; path = HW2Tests.swift; sourceTree = "<group>"; };
		65F51E1828F855FC006E65E3 /* HW2UITests.xctest */ = {isa = PBXFileReference; explicitFileType = wrapper.cfbundle; includeInIndex = 0; path = HW2UITests.xctest; sourceTree = BUILT_PRODUCTS_DIR; };
		65F51E1C28F855FC006E65E3 /* HW2UITests.swift */ = {isa = PBXFileReference; lastKnownFileType = sourcecode.swift; path = HW2UITests.swift; sourceTree = "<group>"; };
		65F51E1E28F855FC006E65E3 /* HW2UITestsLaunchTests.swift */ = {isa = PBXFileReference; lastKnownFileType = sourcecode.swift; path = HW2UITestsLaunchTests.swift; sourceTree = "<group>"; };
		65F51E2B28F85EDB006E65E3 /* define.swift */ = {isa = PBXFileReference; lastKnownFileType = sourcecode.swift; path = define.swift; sourceTree = "<group>"; };
		65F51E2D28F8639C006E65E3 /* KawasakiView.swift */ = {isa = PBXFileReference; lastKnownFileType = sourcecode.swift; path = KawasakiView.swift; sourceTree = "<group>"; };
		65F51E2F28F868A5006E65E3 /* YamahaView.swift */ = {isa = PBXFileReference; lastKnownFileType = sourcecode.swift; path = YamahaView.swift; sourceTree = "<group>"; };
		65F51E3128F870E5006E65E3 /* SuzukiView.swift */ = {isa = PBXFileReference; lastKnownFileType = sourcecode.swift; path = SuzukiView.swift; sourceTree = "<group>"; };
/* End PBXFileReference section */

/* Begin PBXFrameworksBuildPhase section */
		65F51DFB28F855FB006E65E3 /* Frameworks */ = {
			isa = PBXFrameworksBuildPhase;
			buildActionMask = 2147483647;
			files = (
			);
			runOnlyForDeploymentPostprocessing = 0;
		};
		65F51E0B28F855FC006E65E3 /* Frameworks */ = {
			isa = PBXFrameworksBuildPhase;
			buildActionMask = 2147483647;
			files = (
			);
			runOnlyForDeploymentPostprocessing = 0;
		};
		65F51E1528F855FC006E65E3 /* Frameworks */ = {
			isa = PBXFrameworksBuildPhase;
			buildActionMask = 2147483647;
			files = (
			);
			runOnlyForDeploymentPostprocessing = 0;
		};
/* End PBXFrameworksBuildPhase section */

/* Begin PBXGroup section */
		65F51DF528F855FB006E65E3 = {
			isa = PBXGroup;
			children = (
				65F51E0028F855FB006E65E3 /* HW2 */,
				65F51E1128F855FC006E65E3 /* HW2Tests */,
				65F51E1B28F855FC006E65E3 /* HW2UITests */,
				65F51DFF28F855FB006E65E3 /* Products */,
			);
			sourceTree = "<group>";
		};
		65F51DFF28F855FB006E65E3 /* Products */ = {
			isa = PBXGroup;
			children = (
				65F51DFE28F855FB006E65E3 /* HW2.app */,
				65F51E0E28F855FC006E65E3 /* HW2Tests.xctest */,
				65F51E1828F855FC006E65E3 /* HW2UITests.xctest */,
			);
			name = Products;
			sourceTree = "<group>";
		};
		65F51E0028F855FB006E65E3 /* HW2 */ = {
			isa = PBXGroup;
			children = (
				6563B48329047A8300D56B86 /* Info.plist */,
				6563B47A290479F900D56B86 /* Ninja ZX-6R APPIcon.png */,
				6563B47B290479F900D56B86 /* Panigale V2 Bayliss APPIcon.png */,
				6563B479290479F900D56B86 /* R7 APPIcon.png */,
				65F51E0128F855FB006E65E3 /* HW2App.swift */,
				65F51E0328F855FB006E65E3 /* ContentView.swift */,
				6563B4772904606500D56B86 /* AnimationView.swift */,
				6563B48429047C8B00D56B86 /* APPIconView.swift */,
				656520DE28FD42B6003F86C0 /* Detail.swift */,
				656FD49629005D280091816E /* VideoView.swift */,
				656FD17128F9EDB700AB79E5 /* BmwView.swift */,
				656FD16F28F9EB1C00AB79E5 /* DucatiView.swift */,
				65D76CFE28F873DA005D676D /* HondaView.swift */,
				65F51E3128F870E5006E65E3 /* SuzukiView.swift */,
				65F51E2F28F868A5006E65E3 /* YamahaView.swift */,
				65F51E2D28F8639C006E65E3 /* KawasakiView.swift */,
				65F51E2B28F85EDB006E65E3 /* define.swift */,
				65F51E0528F855FB006E65E3 /* Assets.xcassets */,
				65F51E0728F855FB006E65E3 /* Preview Content */,
			);
			path = HW2;
			sourceTree = "<group>";
		};
		65F51E0728F855FB006E65E3 /* Preview Content */ = {
			isa = PBXGroup;
			children = (
				65F51E0828F855FB006E65E3 /* Preview Assets.xcassets */,
			);
			path = "Preview Content";
			sourceTree = "<group>";
		};
		65F51E1128F855FC006E65E3 /* HW2Tests */ = {
			isa = PBXGroup;
			children = (
				65F51E1228F855FC006E65E3 /* HW2Tests.swift */,
			);
			path = HW2Tests;
			sourceTree = "<group>";
		};
		65F51E1B28F855FC006E65E3 /* HW2UITests */ = {
			isa = PBXGroup;
			children = (
				65F51E1C28F855FC006E65E3 /* HW2UITests.swift */,
				65F51E1E28F855FC006E65E3 /* HW2UITestsLaunchTests.swift */,
			);
			path = HW2UITests;
			sourceTree = "<group>";
		};
/* End PBXGroup section */

/* Begin PBXNativeTarget section */
		65F51DFD28F855FB006E65E3 /* HW2 */ = {
			isa = PBXNativeTarget;
			buildConfigurationList = 65F51E2228F855FC006E65E3 /* Build configuration list for PBXNativeTarget "HW2" */;
			buildPhases = (
				65F51DFA28F855FB006E65E3 /* Sources */,
				65F51DFB28F855FB006E65E3 /* Frameworks */,
				65F51DFC28F855FB006E65E3 /* Resources */,
			);
			buildRules = (
			);
			dependencies = (
			);
			name = HW2;
			productName = HW2;
			productReference = 65F51DFE28F855FB006E65E3 /* HW2.app */;
			productType = "com.apple.product-type.application";
		};
		65F51E0D28F855FC006E65E3 /* HW2Tests */ = {
			isa = PBXNativeTarget;
			buildConfigurationList = 65F51E2528F855FC006E65E3 /* Build configuration list for PBXNativeTarget "HW2Tests" */;
			buildPhases = (
				65F51E0A28F855FC006E65E3 /* Sources */,
				65F51E0B28F855FC006E65E3 /* Frameworks */,
				65F51E0C28F855FC006E65E3 /* Resources */,
			);
			buildRules = (
			);
			dependencies = (
				65F51E1028F855FC006E65E3 /* PBXTargetDependency */,
			);
			name = HW2Tests;
			productName = HW2Tests;
			productReference = 65F51E0E28F855FC006E65E3 /* HW2Tests.xctest */;
			productType = "com.apple.product-type.bundle.unit-test";
		};
		65F51E1728F855FC006E65E3 /* HW2UITests */ = {
			isa = PBXNativeTarget;
			buildConfigurationList = 65F51E2828F855FC006E65E3 /* Build configuration list for PBXNativeTarget "HW2UITests" */;
			buildPhases = (
				65F51E1428F855FC006E65E3 /* Sources */,
				65F51E1528F855FC006E65E3 /* Frameworks */,
				65F51E1628F855FC006E65E3 /* Resources */,
			);
			buildRules = (
			);
			dependencies = (
				65F51E1A28F855FC006E65E3 /* PBXTargetDependency */,
			);
			name = HW2UITests;
			productName = HW2UITests;
			productReference = 65F51E1828F855FC006E65E3 /* HW2UITests.xctest */;
			productType = "com.apple.product-type.bundle.ui-testing";
		};
/* End PBXNativeTarget section */

/* Begin PBXProject section */
		65F51DF628F855FB006E65E3 /* Project object */ = {
			isa = PBXProject;
			attributes = {
				BuildIndependentTargetsInParallel = 1;
				LastSwiftUpdateCheck = 1400;
				LastUpgradeCheck = 1400;
				TargetAttributes = {
					65F51DFD28F855FB006E65E3 = {
						CreatedOnToolsVersion = 14.0.1;
					};
					65F51E0D28F855FC006E65E3 = {
						CreatedOnToolsVersion = 14.0.1;
						TestTargetID = 65F51DFD28F855FB006E65E3;
					};
					65F51E1728F855FC006E65E3 = {
						CreatedOnToolsVersion = 14.0.1;
						TestTargetID = 65F51DFD28F855FB006E65E3;
					};
				};
			};
			buildConfigurationList = 65F51DF928F855FB006E65E3 /* Build configuration list for PBXProject "HW2" */;
			compatibilityVersion = "Xcode 14.0";
			developmentRegion = en;
			hasScannedForEncodings = 0;
			knownRegions = (
				en,
				Base,
			);
			mainGroup = 65F51DF528F855FB006E65E3;
			productRefGroup = 65F51DFF28F855FB006E65E3 /* Products */;
			projectDirPath = "";
			projectRoot = "";
			targets = (
				65F51DFD28F855FB006E65E3 /* HW2 */,
				65F51E0D28F855FC006E65E3 /* HW2Tests */,
				65F51E1728F855FC006E65E3 /* HW2UITests */,
			);
		};
/* End PBXProject section */

/* Begin PBXResourcesBuildPhase section */
		65F51DFC28F855FB006E65E3 /* Resources */ = {
			isa = PBXResourcesBuildPhase;
			buildActionMask = 2147483647;
			files = (
				65F51E0928F855FB006E65E3 /* Preview Assets.xcassets in Resources */,
				6563B480290479F900D56B86 /* Panigale V2 Bayliss APPIcon.png in Resources */,
				6563B47E290479F900D56B86 /* R7 APPIcon.png in Resources */,
				65F51E0628F855FB006E65E3 /* Assets.xcassets in Resources */,
				6563B47F290479F900D56B86 /* Ninja ZX-6R APPIcon.png in Resources */,
			);
			runOnlyForDeploymentPostprocessing = 0;
		};
		65F51E0C28F855FC006E65E3 /* Resources */ = {
			isa = PBXResourcesBuildPhase;
			buildActionMask = 2147483647;
			files = (
			);
			runOnlyForDeploymentPostprocessing = 0;
		};
		65F51E1628F855FC006E65E3 /* Resources */ = {
			isa = PBXResourcesBuildPhase;
			buildActionMask = 2147483647;
			files = (
			);
			runOnlyForDeploymentPostprocessing = 0;
		};
/* End PBXResourcesBuildPhase section */

/* Begin PBXSourcesBuildPhase section */
		65F51DFA28F855FB006E65E3 /* Sources */ = {
			isa = PBXSourcesBuildPhase;
			buildActionMask = 2147483647;
			files = (
				656FD17028F9EB1C00AB79E5 /* DucatiView.swift in Sources */,
				656520DF28FD42B6003F86C0 /* Detail.swift in Sources */,
				656FD17228F9EDB700AB79E5 /* BmwView.swift in Sources */,
				65F51E2E28F8639C006E65E3 /* KawasakiView.swift in Sources */,
				65F51E0428F855FB006E65E3 /* ContentView.swift in Sources */,
				65F51E0228F855FB006E65E3 /* HW2App.swift in Sources */,
				65F51E2C28F85EDB006E65E3 /* define.swift in Sources */,
				65D76CFF28F873DA005D676D /* HondaView.swift in Sources */,
				65F51E3028F868A5006E65E3 /* YamahaView.swift in Sources */,
				6563B48529047C8B00D56B86 /* APPIconView.swift in Sources */,
				6563B4782904606500D56B86 /* AnimationView.swift in Sources */,
				65F51E3228F870E5006E65E3 /* SuzukiView.swift in Sources */,
				656FD49729005D280091816E /* VideoView.swift in Sources */,
			);
			runOnlyForDeploymentPostprocessing = 0;
		};
		65F51E0A28F855FC006E65E3 /* Sources */ = {
			isa = PBXSourcesBuildPhase;
			buildActionMask = 2147483647;
			files = (
				65F51E1328F855FC006E65E3 /* HW2Tests.swift in Sources */,
			);
			runOnlyForDeploymentPostprocessing = 0;
		};
		65F51E1428F855FC006E65E3 /* Sources */ = {
			isa = PBXSourcesBuildPhase;
			buildActionMask = 2147483647;
			files = (
				65F51E1F28F855FC006E65E3 /* HW2UITestsLaunchTests.swift in Sources */,
				65F51E1D28F855FC006E65E3 /* HW2UITests.swift in Sources */,
			);
			runOnlyForDeploymentPostprocessing = 0;
		};
/* End PBXSourcesBuildPhase section */

/* Begin PBXTargetDependency section */
		65F51E1028F855FC006E65E3 /* PBXTargetDependency */ = {
			isa = PBXTargetDependency;
			target = 65F51DFD28F855FB006E65E3 /* HW2 */;
			targetProxy = 65F51E0F28F855FC006E65E3 /* PBXContainerItemProxy */;
		};
		65F51E1A28F855FC006E65E3 /* PBXTargetDependency */ = {
			isa = PBXTargetDependency;
			target = 65F51DFD28F855FB006E65E3 /* HW2 */;
			targetProxy = 65F51E1928F855FC006E65E3 /* PBXContainerItemProxy */;
		};
/* End PBXTargetDependency section */

/* Begin XCBuildConfiguration section */
		65F51E2028F855FC006E65E3 /* Debug */ = {
			isa = XCBuildConfiguration;
			buildSettings = {
				ALWAYS_SEARCH_USER_PATHS = NO;
				CLANG_ANALYZER_NONNULL = YES;
				CLANG_ANALYZER_NUMBER_OBJECT_CONVERSION = YES_AGGRESSIVE;
				CLANG_CXX_LANGUAGE_STANDARD = "gnu++20";
				CLANG_ENABLE_MODULES = YES;
				CLANG_ENABLE_OBJC_ARC = YES;
				CLANG_ENABLE_OBJC_WEAK = YES;
				CLANG_WARN_BLOCK_CAPTURE_AUTORELEASING = YES;
				CLANG_WARN_BOOL_CONVERSION = YES;
				CLANG_WARN_COMMA = YES;
				CLANG_WARN_CONSTANT_CONVERSION = YES;
				CLANG_WARN_DEPRECATED_OBJC_IMPLEMENTATIONS = YES;
				CLANG_WARN_DIRECT_OBJC_ISA_USAGE = YES_ERROR;
				CLANG_WARN_DOCUMENTATION_COMMENTS = YES;
				CLANG_WARN_EMPTY_BODY = YES;
				CLANG_WARN_ENUM_CONVERSION = YES;
				CLANG_WARN_INFINITE_RECURSION = YES;
				CLANG_WARN_INT_CONVERSION = YES;
				CLANG_WARN_NON_LITERAL_NULL_CONVERSION = YES;
				CLANG_WARN_OBJC_IMPLICIT_RETAIN_SELF = YES;
				CLANG_WARN_OBJC_LITERAL_CONVERSION = YES;
				CLANG_WARN_OBJC_ROOT_CLASS = YES_ERROR;
				CLANG_WARN_QUOTED_INCLUDE_IN_FRAMEWORK_HEADER = YES;
				CLANG_WARN_RANGE_LOOP_ANALYSIS = YES;
				CLANG_WARN_STRICT_PROTOTYPES = YES;
				CLANG_WARN_SUSPICIOUS_MOVE = YES;
				CLANG_WARN_UNGUARDED_AVAILABILITY = YES_AGGRESSIVE;
				CLANG_WARN_UNREACHABLE_CODE = YES;
				CLANG_WARN__DUPLICATE_METHOD_MATCH = YES;
				COPY_PHASE_STRIP = NO;
				DEBUG_INFORMATION_FORMAT = dwarf;
				ENABLE_STRICT_OBJC_MSGSEND = YES;
				ENABLE_TESTABILITY = YES;
				GCC_C_LANGUAGE_STANDARD = gnu11;
				GCC_DYNAMIC_NO_PIC = NO;
				GCC_NO_COMMON_BLOCKS = YES;
				GCC_OPTIMIZATION_LEVEL = 0;
				GCC_PREPROCESSOR_DEFINITIONS = (
					"DEBUG=1",
					"$(inherited)",
				);
				GCC_WARN_64_TO_32_BIT_CONVERSION = YES;
				GCC_WARN_ABOUT_RETURN_TYPE = YES_ERROR;
				GCC_WARN_UNDECLARED_SELECTOR = YES;
				GCC_WARN_UNINITIALIZED_AUTOS = YES_AGGRESSIVE;
				GCC_WARN_UNUSED_FUNCTION = YES;
				GCC_WARN_UNUSED_VARIABLE = YES;
				IPHONEOS_DEPLOYMENT_TARGET = 16.0;
				MTL_ENABLE_DEBUG_INFO = INCLUDE_SOURCE;
				MTL_FAST_MATH = YES;
				ONLY_ACTIVE_ARCH = YES;
				SDKROOT = iphoneos;
				SWIFT_ACTIVE_COMPILATION_CONDITIONS = DEBUG;
				SWIFT_OPTIMIZATION_LEVEL = "-Onone";
			};
			name = Debug;
		};
		65F51E2128F855FC006E65E3 /* Release */ = {
			isa = XCBuildConfiguration;
			buildSettings = {
				ALWAYS_SEARCH_USER_PATHS = NO;
				CLANG_ANALYZER_NONNULL = YES;
				CLANG_ANALYZER_NUMBER_OBJECT_CONVERSION = YES_AGGRESSIVE;
				CLANG_CXX_LANGUAGE_STANDARD = "gnu++20";
				CLANG_ENABLE_MODULES = YES;
				CLANG_ENABLE_OBJC_ARC = YES;
				CLANG_ENABLE_OBJC_WEAK = YES;
				CLANG_WARN_BLOCK_CAPTURE_AUTORELEASING = YES;
				CLANG_WARN_BOOL_CONVERSION = YES;
				CLANG_WARN_COMMA = YES;
				CLANG_WARN_CONSTANT_CONVERSION = YES;
				CLANG_WARN_DEPRECATED_OBJC_IMPLEMENTATIONS = YES;
				CLANG_WARN_DIRECT_OBJC_ISA_USAGE = YES_ERROR;
				CLANG_WARN_DOCUMENTATION_COMMENTS = YES;
				CLANG_WARN_EMPTY_BODY = YES;
				CLANG_WARN_ENUM_CONVERSION = YES;
				CLANG_WARN_INFINITE_RECURSION = YES;
				CLANG_WARN_INT_CONVERSION = YES;
				CLANG_WARN_NON_LITERAL_NULL_CONVERSION = YES;
				CLANG_WARN_OBJC_IMPLICIT_RETAIN_SELF = YES;
				CLANG_WARN_OBJC_LITERAL_CONVERSION = YES;
				CLANG_WARN_OBJC_ROOT_CLASS = YES_ERROR;
				CLANG_WARN_QUOTED_INCLUDE_IN_FRAMEWORK_HEADER = YES;
				CLANG_WARN_RANGE_LOOP_ANALYSIS = YES;
				CLANG_WARN_STRICT_PROTOTYPES = YES;
				CLANG_WARN_SUSPICIOUS_MOVE = YES;
				CLANG_WARN_UNGUARDED_AVAILABILITY = YES_AGGRESSIVE;
				CLANG_WARN_UNREACHABLE_CODE = YES;
				CLANG_WARN__DUPLICATE_METHOD_MATCH = YES;
				COPY_PHASE_STRIP = NO;
				DEBUG_INFORMATION_FORMAT = "dwarf-with-dsym";
				ENABLE_NS_ASSERTIONS = NO;
				ENABLE_STRICT_OBJC_MSGSEND = YES;
				GCC_C_LANGUAGE_STANDARD = gnu11;
				GCC_NO_COMMON_BLOCKS = YES;
				GCC_WARN_64_TO_32_BIT_CONVERSION = YES;
				GCC_WARN_ABOUT_RETURN_TYPE = YES_ERROR;
				GCC_WARN_UNDECLARED_SELECTOR = YES;
				GCC_WARN_UNINITIALIZED_AUTOS = YES_AGGRESSIVE;
				GCC_WARN_UNUSED_FUNCTION = YES;
				GCC_WARN_UNUSED_VARIABLE = YES;
				IPHONEOS_DEPLOYMENT_TARGET = 16.0;
				MTL_ENABLE_DEBUG_INFO = NO;
				MTL_FAST_MATH = YES;
				SDKROOT = iphoneos;
				SWIFT_COMPILATION_MODE = wholemodule;
				SWIFT_OPTIMIZATION_LEVEL = "-O";
				VALIDATE_PRODUCT = YES;
			};
			name = Release;
		};
		65F51E2328F855FC006E65E3 /* Debug */ = {
			isa = XCBuildConfiguration;
			buildSettings = {
				ASSETCATALOG_COMPILER_APPICON_NAME = AppIcon;
				ASSETCATALOG_COMPILER_GLOBAL_ACCENT_COLOR_NAME = AccentColor;
				CODE_SIGN_STYLE = Automatic;
				CURRENT_PROJECT_VERSION = 1;
				DEVELOPMENT_ASSET_PATHS = "\"HW2/Preview Content\"";
				DEVELOPMENT_TEAM = LGX8P48XXH;
				ENABLE_PREVIEWS = YES;
				GENERATE_INFOPLIST_FILE = YES;
				INFOPLIST_FILE = HW2/Info.plist;
				INFOPLIST_KEY_UIApplicationSceneManifest_Generation = YES;
				INFOPLIST_KEY_UIApplicationSupportsIndirectInputEvents = YES;
				INFOPLIST_KEY_UILaunchScreen_Generation = YES;
				INFOPLIST_KEY_UISupportedInterfaceOrientations_iPad = "UIInterfaceOrientationPortrait UIInterfaceOrientationPortraitUpsideDown UIInterfaceOrientationLandscapeLeft UIInterfaceOrientationLandscapeRight";
				INFOPLIST_KEY_UISupportedInterfaceOrientations_iPhone = "UIInterfaceOrientationPortrait UIInterfaceOrientationLandscapeLeft UIInterfaceOrientationLandscapeRight";
				LD_RUNPATH_SEARCH_PATHS = (
					"$(inherited)",
					"@executable_path/Frameworks",
				);
				MARKETING_VERSION = 1.0;
				PRODUCT_BUNDLE_IDENTIFIER = Tommy.HW2;
				PRODUCT_NAME = "$(TARGET_NAME)";
				SWIFT_EMIT_LOC_STRINGS = YES;
				SWIFT_VERSION = 5.0;
				TARGETED_DEVICE_FAMILY = "1,2";
			};
			name = Debug;
		};
		65F51E2428F855FC006E65E3 /* Release */ = {
			isa = XCBuildConfiguration;
			buildSettings = {
				ASSETCATALOG_COMPILER_APPICON_NAME = AppIcon;
				ASSETCATALOG_COMPILER_GLOBAL_ACCENT_COLOR_NAME = AccentColor;
				CODE_SIGN_STYLE = Automatic;
				CURRENT_PROJECT_VERSION = 1;
				DEVELOPMENT_ASSET_PATHS = "\"HW2/Preview Content\"";
				DEVELOPMENT_TEAM = LGX8P48XXH;
				ENABLE_PREVIEWS = YES;
				GENERATE_INFOPLIST_FILE = YES;
				INFOPLIST_FILE = HW2/Info.plist;
				INFOPLIST_KEY_UIApplicationSceneManifest_Generation = YES;
				INFOPLIST_KEY_UIApplicationSupportsIndirectInputEvents = YES;
				INFOPLIST_KEY_UILaunchScreen_Generation = YES;
				INFOPLIST_KEY_UISupportedInterfaceOrientations_iPad = "UIInterfaceOrientationPortrait UIInterfaceOrientationPortraitUpsideDown UIInterfaceOrientationLandscapeLeft UIInterfaceOrientationLandscapeRight";
				INFOPLIST_KEY_UISupportedInterfaceOrientations_iPhone = "UIInterfaceOrientationPortrait UIInterfaceOrientationLandscapeLeft UIInterfaceOrientationLandscapeRight";
				LD_RUNPATH_SEARCH_PATHS = (
					"$(inherited)",
					"@executable_path/Frameworks",
				);
				MARKETING_VERSION = 1.0;
				PRODUCT_BUNDLE_IDENTIFIER = Tommy.HW2;
				PRODUCT_NAME = "$(TARGET_NAME)";
				SWIFT_EMIT_LOC_STRINGS = YES;
				SWIFT_VERSION = 5.0;
				TARGETED_DEVICE_FAMILY = "1,2";
			};
			name = Release;
		};
		65F51E2628F855FC006E65E3 /* Debug */ = {
			isa = XCBuildConfiguration;
			buildSettings = {
				ALWAYS_EMBED_SWIFT_STANDARD_LIBRARIES = YES;
				BUNDLE_LOADER = "$(TEST_HOST)";
				CODE_SIGN_STYLE = Automatic;
				CURRENT_PROJECT_VERSION = 1;
				DEVELOPMENT_TEAM = LGX8P48XXH;
				GENERATE_INFOPLIST_FILE = YES;
				IPHONEOS_DEPLOYMENT_TARGET = 16.0;
				MARKETING_VERSION = 1.0;
				PRODUCT_BUNDLE_IDENTIFIER = Tommy.HW2Tests;
				PRODUCT_NAME = "$(TARGET_NAME)";
				SWIFT_EMIT_LOC_STRINGS = NO;
				SWIFT_VERSION = 5.0;
				TARGETED_DEVICE_FAMILY = "1,2";
				TEST_HOST = "$(BUILT_PRODUCTS_DIR)/HW2.app/$(BUNDLE_EXECUTABLE_FOLDER_PATH)/HW2";
			};
			name = Debug;
		};
		65F51E2728F855FC006E65E3 /* Release */ = {
			isa = XCBuildConfiguration;
			buildSettings = {
				ALWAYS_EMBED_SWIFT_STANDARD_LIBRARIES = YES;
				BUNDLE_LOADER = "$(TEST_HOST)";
				CODE_SIGN_STYLE = Automatic;
				CURRENT_PROJECT_VERSION = 1;
				DEVELOPMENT_TEAM = LGX8P48XXH;
				GENERATE_INFOPLIST_FILE = YES;
				IPHONEOS_DEPLOYMENT_TARGET = 16.0;
				MARKETING_VERSION = 1.0;
				PRODUCT_BUNDLE_IDENTIFIER = Tommy.HW2Tests;
				PRODUCT_NAME = "$(TARGET_NAME)";
				SWIFT_EMIT_LOC_STRINGS = NO;
				SWIFT_VERSION = 5.0;
				TARGETED_DEVICE_FAMILY = "1,2";
				TEST_HOST = "$(BUILT_PRODUCTS_DIR)/HW2.app/$(BUNDLE_EXECUTABLE_FOLDER_PATH)/HW2";
			};
			name = Release;
		};
		65F51E2928F855FC006E65E3 /* Debug */ = {
			isa = XCBuildConfiguration;
			buildSettings = {
				ALWAYS_EMBED_SWIFT_STANDARD_LIBRARIES = YES;
				CODE_SIGN_STYLE = Automatic;
				CURRENT_PROJECT_VERSION = 1;
				DEVELOPMENT_TEAM = LGX8P48XXH;
				GENERATE_INFOPLIST_FILE = YES;
				MARKETING_VERSION = 1.0;
				PRODUCT_BUNDLE_IDENTIFIER = Tommy.HW2UITests;
				PRODUCT_NAME = "$(TARGET_NAME)";
				SWIFT_EMIT_LOC_STRINGS = NO;
				SWIFT_VERSION = 5.0;
				TARGETED_DEVICE_FAMILY = "1,2";
				TEST_TARGET_NAME = HW2;
			};
			name = Debug;
		};
		65F51E2A28F855FC006E65E3 /* Release */ = {
			isa = XCBuildConfiguration;
			buildSettings = {
				ALWAYS_EMBED_SWIFT_STANDARD_LIBRARIES = YES;
				CODE_SIGN_STYLE = Automatic;
				CURRENT_PROJECT_VERSION = 1;
				DEVELOPMENT_TEAM = LGX8P48XXH;
				GENERATE_INFOPLIST_FILE = YES;
				MARKETING_VERSION = 1.0;
				PRODUCT_BUNDLE_IDENTIFIER = Tommy.HW2UITests;
				PRODUCT_NAME = "$(TARGET_NAME)";
				SWIFT_EMIT_LOC_STRINGS = NO;
				SWIFT_VERSION = 5.0;
				TARGETED_DEVICE_FAMILY = "1,2";
				TEST_TARGET_NAME = HW2;
			};
			name = Release;
		};
/* End XCBuildConfiguration section */

/* Begin XCConfigurationList section */
		65F51DF928F855FB006E65E3 /* Build configuration list for PBXProject "HW2" */ = {
			isa = XCConfigurationList;
			buildConfigurations = (
				65F51E2028F855FC006E65E3 /* Debug */,
				65F51E2128F855FC006E65E3 /* Release */,
			);
			defaultConfigurationIsVisible = 0;
			defaultConfigurationName = Release;
		};
		65F51E2228F855FC006E65E3 /* Build configuration list for PBXNativeTarget "HW2" */ = {
			isa = XCConfigurationList;
			buildConfigurations = (
				65F51E2328F855FC006E65E3 /* Debug */,
				65F51E2428F855FC006E65E3 /* Release */,
			);
			defaultConfigurationIsVisible = 0;
			defaultConfigurationName = Release;
		};
		65F51E2528F855FC006E65E3 /* Build configuration list for PBXNativeTarget "HW2Tests" */ = {
			isa = XCConfigurationList;
			buildConfigurations = (
				65F51E2628F855FC006E65E3 /* Debug */,
				65F51E2728F855FC006E65E3 /* Release */,
			);
			defaultConfigurationIsVisible = 0;
			defaultConfigurationName = Release;
		};
		65F51E2828F855FC006E65E3 /* Build configuration list for PBXNativeTarget "HW2UITests" */ = {
			isa = XCConfigurationList;
			buildConfigurations = (
				65F51E2928F855FC006E65E3 /* Debug */,
				65F51E2A28F855FC006E65E3 /* Release */,
			);
			defaultConfigurationIsVisible = 0;
			defaultConfigurationName = Release;
		};
/* End XCConfigurationList section */
	};
	rootObject = 65F51DF628F855FB006E65E3 /* Project object */;
}
